# THIS IS AN AUTOGENERATED FILE. DO NOT EDIT THIS FILE DIRECTLY.
# yarn lockfile v1


"@discord/embedded-app-sdk@2.5.0":
  version "2.5.0"
  resolved "https://registry.yarnpkg.com/@discord/embedded-app-sdk/-/embedded-app-sdk-2.5.0.tgz#62e75365d9ed5043d2027cab1f84815cfe0b8663"
  integrity sha512-FNoe5PbSkoKEbqPubaBmq6tlEMOftMjR3gu55YrdrrKmBfKKM4i9P/Z+Zxl0RZdJcKviBwVcTyYMMPM/aGex/w==
  dependencies:
    "@types/lodash.transform" "^4.6.6"
    "@types/uuid" "^10.0.0"
    big-integer "^1.6.48"
    decimal.js-light "^2.5.0"
    eventemitter3 "^5.0.0"
    lodash.transform "^4.6.0"
    uuid "^11.0.0"
    zod "^3.9.8"

"@js-joda/core@3.2.0":
  version "3.2.0"
  resolved "https://registry.yarnpkg.com/@js-joda/core/-/core-3.2.0.tgz#3e61e21b7b2b8a6be746df1335cf91d70db2a273"
  integrity sha512-PMqgJ0sw5B7FKb2d5bWYIoxjri+QlW/Pys7+Rw82jSH0QN3rB05jZ/VrrsUdh1w4+i2kw9JOejXGq/KhDOX7Kg==

"@types/lodash.transform@^4.6.6":
  version "4.6.9"
  resolved "https://registry.yarnpkg.com/@types/lodash.transform/-/lodash.transform-4.6.9.tgz#6fc6700afe3dc356801b52e6bef422dc81578f84"
  integrity sha512-1iIn+l7Vrj8hsr2iZLtxRkcV9AtjTafIyxKO9DX2EEcdOgz3Op5dhwKQFhMJgdfIRbYHBUF+SU97Y6P+zyLXNg==
  dependencies:
    "@types/lodash" "*"

"@types/lodash@*":
  version "4.17.25"
  resolved "https://registry.yarnpkg.com/@types/lodash/-/lodash-4.17.25.tgz#69765ac7bcddb0eb072961cf292524a8f5b3c2c0"
  integrity sha512-+K1NIO8I+F9/wNulfVvu23QYd0Pe9/OCqRrim4NoYIf1VoEDL90Ve4ClzpyqBLc7NpGGWRvYNCKZ1BE/Jpf8dQ==

"@types/uuid@^10.0.0":
  version "10.0.0"
  resolved "https://registry.yarnpkg.com/@types/uuid/-/uuid-10.0.0.tgz#e9c07fe50da0f53dc24970cca94d619ff03f6f6d"
  integrity sha512-7gqG38EyHgyP1S+7+xomFtL+ZNHcKv6DwNaCZmJmo1vgMugyF3TCnXVg4t1uk89mLNwnLtnY3TpOpCOyp1/xHQ==

big-integer@^1.6.48:
  version "1.6.52"
  resolved "https://registry.yarnpkg.com/big-integer/-/big-integer-1.6.52.tgz#60a887f3047614a8e1bffe5d7173490a97dc8c85"
  integrity sha512-QxD8cf2eVqJOOz63z6JIN9BzvVs/dlySa5HGSBH5xtR8dPteIRQnBxxKqkNTiT6jbDTF6jAfrd4oMcND9RGbQg==

decimal.js-light@^2.5.0:
  version "2.5.1"
  resolved "https://registry.yarnpkg.com/decimal.js-light/-/decimal.js-light-2.5.1.tgz#134fd32508f19e208f4fb2f8dac0d2626a867934"
  integrity sha512-qIMFpTMZmny+MMIitAB6D7iVPEorVw6YQRWkvarTkT4tBeSLLiHzcwj6q0MmYSFCiVpiqPJTJEYIrpcPzVEIvg==

eventemitter3@^5.0.0:
  version "5.0.4"
  resolved "https://registry.yarnpkg.com/eventemitter3/-/eventemitter3-5.0.4.tgz#a86d66170433712dde814707ac52b5271ceb1feb"
  integrity sha512-mlsTRyGaPBjPedk6Bvw+aqbsXDtoAyAzm5MO7JgU+yVRyMQ5O8bD4Kcci7BS85f93veegeCPkL8R4GLClnjLFw==

lodash.transform@^4.6.0:
  version "4.6.0"
  resolved "https://registry.yarnpkg.com/lodash.transform/-/lodash.transform-4.6.0.tgz#12306422f63324aed8483d3f38332b5f670547a0"
  integrity sha512-LO37ZnhmBVx0GvOU/caQuipEh4GN82TcWv3yHlebGDgOxbxiwwzW5Pcx2AcvpIv2WmvmSMoC492yQFNhy/l/UQ==

uuid@^11.0.0:
  version "11.1.1"
  resolved "https://registry.yarnpkg.com/uuid/-/uuid-11.1.1.tgz#f6d81d2e1c65d00762e5e29b16c5d2d995e208ad"
  integrity sha512-vIYxrBCC/N/K+Js3qSN88go7kIfNPssr/hHCesKCQNAjmgvYS2oqr69kIufEG+O4+PfezOH4EbIeHCfFov8ZgQ==

ws@8.20.1:
  version "8.20.1"
  resolved "https://registry.yarnpkg.com/ws/-/ws-8.20.1.tgz#91a9ae2b312ccf98e0a85ec499b48cef45ab0ddb"
  integrity sha512-It4dO0K5v//JtTXuPkfEOaI3uUN87iYPnqo/ZzqCoG3g8uhA66QUMs/SrM0YK7/NAu+r4LMh/9dq2A7k+rHs+w==

zod@^3.9.8:
  version "3.25.76"
  resolved "https://registry.yarnpkg.com/zod/-/zod-3.25.76.tgz#26841c3f6fd22a6a2760e7ccb719179768471e34"
  integrity sha512-gzUt/qt81nXsFGKIFcC3YnfEAx5NkunCfnDlvuBSSFS02bcXu4Lmea0AFIUwbLWxWPx3d9p8S5QoaujKcNQxcQ==
